{
  "name": "sleepless",
  "version": "6.1.0",
  "lockfileVersion": 2,
  "requires": true,
  "packages": {
    "": {
      "name": "sleepless",
      "version": "6.1.0",
      "license": "ISC",
      "dependencies": {
        "sleepless-components": "^1.0.0",
        "sleepless-sessions": "^1.2.0"
      }
    },
    "node_modules/sleepless": {
      "version": "5.13.0",
      "resolved": "https://registry.npmjs.org/sleepless/-/sleepless-5.13.0.tgz",
      "integrity": "sha512-BYClgbYrg5kqIhLiqscpphtv5Tnr8MkITLXnFwcut5SvZuqZ7ULmsCrl+RHZ2C/7arbi6/HF4sJnOWH+aJgBwA=="
    },
    "node_modules/sleepless-components": {
      "version": "1.0.0",
      "resolved": "https://registry.npmjs.org/sleepless-components/-/sleepless-components-1.0.0.tgz",
      "integrity": "sha512-X8ltihyCqf5G+TVA0QQhBXROaoqg9mb9cpPKH6uVqc+FRvT1yWAUHVPFOTKtK4w/9l41Xrs2McYbhdc23xe5HA=="
    },
    "node_modules/sleepless-sessions": {
      "version": "1.2.0",
      "resolved": "https://registry.npmjs.org/sleepless-sessions/-/sleepless-sessions-1.2.0.tgz",
      "integrity": "sha512-uh9wHSQ+DcTfOoEyLMhAeq9kM0i9EPRGGJ9s3URrP7Jdad/A6gPKosgIxgKy0BwvHM54ak0h5JmmLvObeaxVpQ==",
      "dependencies": {
        "sleepless": "^5.13.0"
      }
    }
  },
  "dependencies": {
    "sleepless": {
      "version": "5.13.0",
      "resolved": "https://registry.npmjs.org/sleepless/-/sleepless-5.13.0.tgz",
      "integrity": "sha512-BYClgbYrg5kqIhLiqscpphtv5Tnr8MkITLXnFwcut5SvZuqZ7ULmsCrl+RHZ2C/7arbi6/HF4sJnOWH+aJgBwA=="
    },
    "sleepless-components": {
      "version": "1.0.0",
      "resolved": "https://registry.npmjs.org/sleepless-components/-/sleepless-components-1.0.0.tgz",
      "integrity": "sha512-X8ltihyCqf5G+TVA0QQhBXROaoqg9mb9cpPKH6uVqc+FRvT1yWAUHVPFOTKtK4w/9l41Xrs2McYbhdc23xe5HA=="
    },
    "sleepless-sessions": {
      "version": "1.2.0",
      "resolved": "https://registry.npmjs.org/sleepless-sessions/-/sleepless-sessions-1.2.0.tgz",
      "integrity": "sha512-uh9wHSQ+DcTfOoEyLMhAeq9kM0i9EPRGGJ9s3URrP7Jdad/A6gPKosgIxgKy0BwvHM54ak0h5JmmLvObeaxVpQ==",
      "requires": {
        "sleepless": "^5.13.0"
      }
    }
  }
}
